{
  "name": "felo-search",
  "version": "0.1.0",
  "lockfileVersion": 3,
  "requires": true,
  "packages": {
    "": {
      "name": "felo-search",
      "version": "0.1.0",
      "license": "MIT",
      "dependencies": {
        "commander": "^12.0.0",
        "felo-search": "^0.1.0"
      },
      "bin": {
        "felo": "src/cli.js"
      },
      "engines": {
        "node": ">=18"
      }
    },
    "node_modules/commander": {
      "version": "12.1.0",
      "resolved": "https://registry.npmjs.org/commander/-/commander-12.1.0.tgz",
      "integrity": "sha512-Vw8qHK3bZM9y/P10u3Vib8o/DdkvA2OtPtZvD871QKjy74Wj1WSKFILMPRPSdUSx5RFK1arlJzEtA4PkFgnbuA==",
      "engines": {
        "node": ">=18"
      }
    },
    "node_modules/felo-search": {
      "version": "0.1.0",
      "resolved": "https://registry.npmjs.org/felo-search/-/felo-search-0.1.0.tgz",
      "integrity": "sha512-b4UoeZCGPh+l6YVFpq38KdUOv+IWtKK+HY65qZ5c7VTeHLWPKev+gyZvRI1L6nujByA/8G8pVLSAZF72F1lkrA==",
      "dependencies": {
        "commander": "^12.0.0"
      },
      "bin": {
        "felo": "src/cli.js"
      },
      "engines": {
        "node": ">=18"
      }
    }
  }
}
